
Microsoft Visual Studio Solution File, Format Version 12.00
# Visual Studio Version 16
VisualStudioVersion = 16.0.32802.440
MinimumVisualStudioVersion = 10.0.40219.1
Project("{FAE04EC0-301F-11D3-BF4B-00C04F79EFBC}") = "ConsoleApp1project", "ConsoleApp1project\ConsoleApp1project.csproj", "{15A443DD-5349-49A5-A7EF-DFC818EE129B}"
EndProject
Project("{FAE04EC0-301F-11D3-BF4B-00C04F79EFBC}") = "ClassLibrary1project", "ClassLibrary1project\ClassLibrary1project.csproj", "{069543D6-4601-48A2-A0FD-3AC3678640A9}"
EndProject
Global
	GlobalSection(SolutionConfigurationPlatforms) = preSolution
		Debug|Any CPU = Debug|Any CPU
		Release|Any CPU = Release|Any CPU
	EndGlobalSection
	GlobalSection(ProjectConfigurationPlatforms) = postSolution
		{15A443DD-5349-49A5-A7EF-DFC818EE129B}.Debug|Any CPU.ActiveCfg = Debug|Any CPU
		{15A443DD-5349-49A5-A7EF-DFC818EE129B}.Debug|Any CPU.Build.0 = Debug|Any CPU
		{15A443DD-5349-49A5-A7EF-DFC818EE129B}.Release|Any CPU.ActiveCfg = Release|Any CPU
		{15A443DD-5349-49A5-A7EF-DFC818EE129B}.Release|Any CPU.Build.0 = Release|Any CPU
		{069543D6-4601-48A2-A0FD-3AC3678640A9}.Debug|Any CPU.ActiveCfg = Debug|Any CPU
		{069543D6-4601-48A2-A0FD-3AC3678640A9}.Debug|Any CPU.Build.0 = Debug|Any CPU
		{069543D6-4601-48A2-A0FD-3AC3678640A9}.Release|Any CPU.ActiveCfg = Release|Any CPU
		{069543D6-4601-48A2-A0FD-3AC3678640A9}.Release|Any CPU.Build.0 = Release|Any CPU
	EndGlobalSection
	GlobalSection(SolutionProperties) = preSolution
		HideSolutionNode = FALSE
	EndGlobalSection
	GlobalSection(ExtensibilityGlobals) = postSolution
		SolutionGuid = {6A7F3053-B00B-4732-BD37-74449CA777D8}
	EndGlobalSection
EndGlobal
